
Microsoft Visual Studio Solution File, Format Version 12.00
Project("{2150E333-8FDC-42A3-9474-1A3956D46DE8}") = "src", "src", "{9FD852C3-67B7-46C0-9834-553A3E581B70}"
EndProject
Project("{FAE04EC0-301F-11D3-BF4B-00C04F79EFBC}") = "Statik", "src\Statik\Statik.csproj", "{748296CB-88BD-43CA-8C67-FC804487139E}"
EndProject
Project("{2150E333-8FDC-42A3-9474-1A3956D46DE8}") = "test", "test", "{9492CE6B-0EDD-4016-BB40-628F0955F867}"
EndProject
Project("{FAE04EC0-301F-11D3-BF4B-00C04F79EFBC}") = "Statik.Tests", "test\Statik.Tests\Statik.Tests.csproj", "{3E5863A4-4C00-4E02-8596-C837C0566DBC}"
EndProject
Project("{FAE04EC0-301F-11D3-BF4B-00C04F79EFBC}") = "Statik.Files", "src\Statik.Files\Statik.Files.csproj", "{1B5E4387-5F40-45E4-821C-1DB80A876665}"
EndProject
Project("{FAE04EC0-301F-11D3-BF4B-00C04F79EFBC}") = "Statik.Files.Tests", "test\Statik.Files.Tests\Statik.Files.Tests.csproj", "{51A83061-EE20-4CF8-891F-C04F142E4760}"
EndProject
Global
	GlobalSection(SolutionConfigurationPlatforms) = preSolution
		Debug|Any CPU = Debug|Any CPU
		Release|Any CPU = Release|Any CPU
	EndGlobalSection
	GlobalSection(ProjectConfigurationPlatforms) = postSolution
		{748296CB-88BD-43CA-8C67-FC804487139E}.Debug|Any CPU.ActiveCfg = Debug|Any CPU
		{748296CB-88BD-43CA-8C67-FC804487139E}.Debug|Any CPU.Build.0 = Debug|Any CPU
		{748296CB-88BD-43CA-8C67-FC804487139E}.Release|Any CPU.ActiveCfg = Release|Any CPU
		{748296CB-88BD-43CA-8C67-FC804487139E}.Release|Any CPU.Build.0 = Release|Any CPU
		{3E5863A4-4C00-4E02-8596-C837C0566DBC}.Debug|Any CPU.ActiveCfg = Debug|Any CPU
		{3E5863A4-4C00-4E02-8596-C837C0566DBC}.Debug|Any CPU.Build.0 = Debug|Any CPU
		{3E5863A4-4C00-4E02-8596-C837C0566DBC}.Release|Any CPU.ActiveCfg = Release|Any CPU
		{3E5863A4-4C00-4E02-8596-C837C0566DBC}.Release|Any CPU.Build.0 = Release|Any CPU
		{1B5E4387-5F40-45E4-821C-1DB80A876665}.Debug|Any CPU.ActiveCfg = Debug|Any CPU
		{1B5E4387-5F40-45E4-821C-1DB80A876665}.Debug|Any CPU.Build.0 = Debug|Any CPU
		{1B5E4387-5F40-45E4-821C-1DB80A876665}.Release|Any CPU.ActiveCfg = Release|Any CPU
		{1B5E4387-5F40-45E4-821C-1DB80A876665}.Release|Any CPU.Build.0 = Release|Any CPU
		{51A83061-EE20-4CF8-891F-C04F142E4760}.Debug|Any CPU.ActiveCfg = Debug|Any CPU
		{51A83061-EE20-4CF8-891F-C04F142E4760}.Debug|Any CPU.Build.0 = Debug|Any CPU
		{51A83061-EE20-4CF8-891F-C04F142E4760}.Release|Any CPU.ActiveCfg = Release|Any CPU
		{51A83061-EE20-4CF8-891F-C04F142E4760}.Release|Any CPU.Build.0 = Release|Any CPU
	EndGlobalSection
	GlobalSection(NestedProjects) = preSolution
		{748296CB-88BD-43CA-8C67-FC804487139E} = {9FD852C3-67B7-46C0-9834-553A3E581B70}
		{3E5863A4-4C00-4E02-8596-C837C0566DBC} = {9492CE6B-0EDD-4016-BB40-628F0955F867}
		{1B5E4387-5F40-45E4-821C-1DB80A876665} = {9FD852C3-67B7-46C0-9834-553A3E581B70}
		{51A83061-EE20-4CF8-891F-C04F142E4760} = {9492CE6B-0EDD-4016-BB40-628F0955F867}
	EndGlobalSection
EndGlobal
