
Microsoft Visual Studio Solution File, Format Version 12.00
#
Project("{2150E333-8FDC-42A3-9474-1A3956D46DE8}") = "src", "src", "{9FD852C3-67B7-46C0-9834-553A3E581B70}"
EndProject
Project("{FAE04EC0-301F-11D3-BF4B-00C04F79EFBC}") = "Statik", "src\Statik\Statik.csproj", "{748296CB-88BD-43CA-8C67-FC804487139E}"
EndProject
Project("{2150E333-8FDC-42A3-9474-1A3956D46DE8}") = "test", "test", "{9492CE6B-0EDD-4016-BB40-628F0955F867}"
EndProject
Project("{FAE04EC0-301F-11D3-BF4B-00C04F79EFBC}") = "Statik.Tests", "test\Statik.Tests\Statik.Tests.csproj", "{3E5863A4-4C00-4E02-8596-C837C0566DBC}"
EndProject
Project("{FAE04EC0-301F-11D3-BF4B-00C04F79EFBC}") = "Statik.Files", "src\Statik.Files\Statik.Files.csproj", "{1B5E4387-5F40-45E4-821C-1DB80A876665}"
EndProject
Project("{FAE04EC0-301F-11D3-BF4B-00C04F79EFBC}") = "Statik.Files.Tests", "test\Statik.Files.Tests\Statik.Files.Tests.csproj", "{51A83061-EE20-4CF8-891F-C04F142E4760}"
EndProject
Project("{FAE04EC0-301F-11D3-BF4B-00C04F79EFBC}") = "Statik.Mvc", "src\Statik.Mvc\Statik.Mvc.csproj", "{529BA049-420B-4B9D-A884-217CEFBEF1C0}"
EndProject
Project("{FAE04EC0-301F-11D3-BF4B-00C04F79EFBC}") = "Statik.Mvc.Tests", "test\Statik.Mvc.Tests\Statik.Mvc.Tests.csproj", "{5216B3AC-4443-41B9-B2F2-80BD5A757CD3}"
EndProject
Project("{2150E333-8FDC-42A3-9474-1A3956D46DE8}") = "examples", "examples", "{CE9B8FB2-637F-4B0C-85C3-4C9C541F325A}"
EndProject
Project("{FAE04EC0-301F-11D3-BF4B-00C04F79EFBC}") = "Statik.Examples.Simple", "examples\Statik.Examples.Simple\Statik.Examples.Simple.csproj", "{6E349214-6AF4-474D-B270-F15C7EB03A47}"
EndProject
Project("{FAE04EC0-301F-11D3-BF4B-00C04F79EFBC}") = "Statik.Examples.Mvc", "examples\Statik.Examples.Mvc\Statik.Examples.Mvc.csproj", "{3EF13426-0E60-4819-B5A1-E89A169CDFA3}"
EndProject
Project("{FAE04EC0-301F-11D3-BF4B-00C04F79EFBC}") = "Statik.Examples.Pages", "examples\Statik.Examples.Pages\Statik.Examples.Pages.csproj", "{33E2DB92-C979-4669-914B-6D707885B401}"
EndProject
Global
	GlobalSection(SolutionConfigurationPlatforms) = preSolution
		Debug|Any CPU = Debug|Any CPU
		Release|Any CPU = Release|Any CPU
	EndGlobalSection
	GlobalSection(ProjectConfigurationPlatforms) = postSolution
		{748296CB-88BD-43CA-8C67-FC804487139E}.Debug|Any CPU.ActiveCfg = Debug|Any CPU
		{748296CB-88BD-43CA-8C67-FC804487139E}.Debug|Any CPU.Build.0 = Debug|Any CPU
		{748296CB-88BD-43CA-8C67-FC804487139E}.Release|Any CPU.ActiveCfg = Release|Any CPU
		{748296CB-88BD-43CA-8C67-FC804487139E}.Release|Any CPU.Build.0 = Release|Any CPU
		{3E5863A4-4C00-4E02-8596-C837C0566DBC}.Debug|Any CPU.ActiveCfg = Debug|Any CPU
		{3E5863A4-4C00-4E02-8596-C837C0566DBC}.Debug|Any CPU.Build.0 = Debug|Any CPU
		{3E5863A4-4C00-4E02-8596-C837C0566DBC}.Release|Any CPU.ActiveCfg = Release|Any CPU
		{3E5863A4-4C00-4E02-8596-C837C0566DBC}.Release|Any CPU.Build.0 = Release|Any CPU
		{1B5E4387-5F40-45E4-821C-1DB80A876665}.Debug|Any CPU.ActiveCfg = Debug|Any CPU
		{1B5E4387-5F40-45E4-821C-1DB80A876665}.Debug|Any CPU.Build.0 = Debug|Any CPU
		{1B5E4387-5F40-45E4-821C-1DB80A876665}.Release|Any CPU.ActiveCfg = Release|Any CPU
		{1B5E4387-5F40-45E4-821C-1DB80A876665}.Release|Any CPU.Build.0 = Release|Any CPU
		{51A83061-EE20-4CF8-891F-C04F142E4760}.Debug|Any CPU.ActiveCfg = Debug|Any CPU
		{51A83061-EE20-4CF8-891F-C04F142E4760}.Debug|Any CPU.Build.0 = Debug|Any CPU
		{51A83061-EE20-4CF8-891F-C04F142E4760}.Release|Any CPU.ActiveCfg = Release|Any CPU
		{51A83061-EE20-4CF8-891F-C04F142E4760}.Release|Any CPU.Build.0 = Release|Any CPU
		{529BA049-420B-4B9D-A884-217CEFBEF1C0}.Debug|Any CPU.ActiveCfg = Debug|Any CPU
		{529BA049-420B-4B9D-A884-217CEFBEF1C0}.Debug|Any CPU.Build.0 = Debug|Any CPU
		{529BA049-420B-4B9D-A884-217CEFBEF1C0}.Release|Any CPU.ActiveCfg = Release|Any CPU
		{529BA049-420B-4B9D-A884-217CEFBEF1C0}.Release|Any CPU.Build.0 = Release|Any CPU
		{5216B3AC-4443-41B9-B2F2-80BD5A757CD3}.Debug|Any CPU.ActiveCfg = Debug|Any CPU
		{5216B3AC-4443-41B9-B2F2-80BD5A757CD3}.Debug|Any CPU.Build.0 = Debug|Any CPU
		{5216B3AC-4443-41B9-B2F2-80BD5A757CD3}.Release|Any CPU.ActiveCfg = Release|Any CPU
		{5216B3AC-4443-41B9-B2F2-80BD5A757CD3}.Release|Any CPU.Build.0 = Release|Any CPU
		{6E349214-6AF4-474D-B270-F15C7EB03A47}.Debug|Any CPU.ActiveCfg = Debug|Any CPU
		{6E349214-6AF4-474D-B270-F15C7EB03A47}.Debug|Any CPU.Build.0 = Debug|Any CPU
		{6E349214-6AF4-474D-B270-F15C7EB03A47}.Release|Any CPU.ActiveCfg = Release|Any CPU
		{6E349214-6AF4-474D-B270-F15C7EB03A47}.Release|Any CPU.Build.0 = Release|Any CPU
		{3EF13426-0E60-4819-B5A1-E89A169CDFA3}.Debug|Any CPU.ActiveCfg = Debug|Any CPU
		{3EF13426-0E60-4819-B5A1-E89A169CDFA3}.Debug|Any CPU.Build.0 = Debug|Any CPU
		{3EF13426-0E60-4819-B5A1-E89A169CDFA3}.Release|Any CPU.ActiveCfg = Release|Any CPU
		{3EF13426-0E60-4819-B5A1-E89A169CDFA3}.Release|Any CPU.Build.0 = Release|Any CPU
		{33E2DB92-C979-4669-914B-6D707885B401}.Debug|Any CPU.ActiveCfg = Debug|Any CPU
		{33E2DB92-C979-4669-914B-6D707885B401}.Debug|Any CPU.Build.0 = Debug|Any CPU
		{33E2DB92-C979-4669-914B-6D707885B401}.Release|Any CPU.ActiveCfg = Release|Any CPU
		{33E2DB92-C979-4669-914B-6D707885B401}.Release|Any CPU.Build.0 = Release|Any CPU
	EndGlobalSection
	GlobalSection(NestedProjects) = preSolution
		{748296CB-88BD-43CA-8C67-FC804487139E} = {9FD852C3-67B7-46C0-9834-553A3E581B70}
		{3E5863A4-4C00-4E02-8596-C837C0566DBC} = {9492CE6B-0EDD-4016-BB40-628F0955F867}
		{1B5E4387-5F40-45E4-821C-1DB80A876665} = {9FD852C3-67B7-46C0-9834-553A3E581B70}
		{51A83061-EE20-4CF8-891F-C04F142E4760} = {9492CE6B-0EDD-4016-BB40-628F0955F867}
		{529BA049-420B-4B9D-A884-217CEFBEF1C0} = {9FD852C3-67B7-46C0-9834-553A3E581B70}
		{5216B3AC-4443-41B9-B2F2-80BD5A757CD3} = {9492CE6B-0EDD-4016-BB40-628F0955F867}
		{6E349214-6AF4-474D-B270-F15C7EB03A47} = {CE9B8FB2-637F-4B0C-85C3-4C9C541F325A}
		{3EF13426-0E60-4819-B5A1-E89A169CDFA3} = {CE9B8FB2-637F-4B0C-85C3-4C9C541F325A}
		{33E2DB92-C979-4669-914B-6D707885B401} = {CE9B8FB2-637F-4B0C-85C3-4C9C541F325A}
	EndGlobalSection
EndGlobal
